
Microsoft Visual Studio Solution File, Format Version 12.00
# Visual Studio Version 17
VisualStudioVersion = 17.0.31919.166
MinimumVisualStudioVersion = 10.0.40219.1
Project("{FAE04EC0-301F-11D3-BF4B-00C04F79EFBC}") = "RetroAchievementTracker", "RetroAchievementTracker\RetroAchievementTracker.csproj", "{184523FC-BE13-434E-85EC-13D08A0B7432}"
EndProject
Global
	GlobalSection(SolutionConfigurationPlatforms) = preSolution
		Debug|Any CPU = Debug|Any CPU
		Release|Any CPU = Release|Any CPU
	EndGlobalSection
	GlobalSection(ProjectConfigurationPlatforms) = postSolution
		{184523FC-BE13-434E-85EC-13D08A0B7432}.Debug|Any CPU.ActiveCfg = Debug|Any CPU
		{184523FC-BE13-434E-85EC-13D08A0B7432}.Debug|Any CPU.Build.0 = Debug|Any CPU
		{184523FC-BE13-434E-85EC-13D08A0B7432}.Release|Any CPU.ActiveCfg = Release|Any CPU
		{184523FC-BE13-434E-85EC-13D08A0B7432}.Release|Any CPU.Build.0 = Release|Any CPU
	EndGlobalSection
	GlobalSection(SolutionProperties) = preSolution
		HideSolutionNode = FALSE
	EndGlobalSection
	GlobalSection(ExtensibilityGlobals) = postSolution
		SolutionGuid = {4C662797-9770-4BC5-B772-C5DE7EE2BFC1}
	EndGlobalSection
EndGlobal
